
Microsoft Visual Studio Solution File, Format Version 12.00
# Visual Studio Version 17
VisualStudioVersion = 17.13.35806.99 d17.13
MinimumVisualStudioVersion = 10.0.40219.1
Project("{FAE04EC0-301F-11D3-BF4B-00C04F79EFBC}") = "Workshop", "Workshop\Workshop.csproj", "{3E76927D-29E5-477B-9DBB-33316A9F114F}"
EndProject
Global
	GlobalSection(SolutionConfigurationPlatforms) = preSolution
		Debug|Any CPU = Debug|Any CPU
		Release|Any CPU = Release|Any CPU
	EndGlobalSection
	GlobalSection(ProjectConfigurationPlatforms) = postSolution
		{3E76927D-29E5-477B-9DBB-33316A9F114F}.Debug|Any CPU.ActiveCfg = Debug|Any CPU
		{3E76927D-29E5-477B-9DBB-33316A9F114F}.Debug|Any CPU.Build.0 = Debug|Any CPU
		{3E76927D-29E5-477B-9DBB-33316A9F114F}.Release|Any CPU.ActiveCfg = Release|Any CPU
		{3E76927D-29E5-477B-9DBB-33316A9F114F}.Release|Any CPU.Build.0 = Release|Any CPU
	EndGlobalSection
	GlobalSection(SolutionProperties) = preSolution
		HideSolutionNode = FALSE
	EndGlobalSection
	GlobalSection(ExtensibilityGlobals) = postSolution
		SolutionGuid = {645E52C0-7354-48E1-BBA3-3197BD062939}
	EndGlobalSection
EndGlobal
